github.com/StackExchange/wmi v1.2.1 h1:VIkavFPXSjcnS+O8yTq7NI32k0R5Aj+v39y29VYDOSA=
github.com/StackExchange/wmi v1.2.1/go.mod h1:rcmrprowKIVzvc+NUiLncP2uuArMWLCbu9SBzvHz7e8=
github.com/ghodss/yaml v1.0.0 h1:wQHKEahhL6wmXdzwWG11gIVCkOv05bNOh+Rxn0yngAk=
github.com/ghodss/yaml v1.0.0/go.mod h1:4dBDuWmgqj2HViK6kFavaiC9ZROes6MMH2rRYeMEF04=
github.com/go-ole/go-ole v1.2.5/go.mod h1:pprOEPIfldk/42T2oK7lQ4v4JSDwmV0As9GaiUsvbm0=
github.com/go-ole/go-ole v1.2.6 h1:/Fpf6oFPoeFik9ty7siob0G6Ke8QvQEuVcuChpwXzpY=
github.com/go-ole/go-ole v1.2.6/go.mod h1:pprOEPIfldk/42T2oK7lQ4v4JSDwmV0As9GaiUsvbm0=
github.com/golang/protobuf v1.5.0/go.mod h1:FsONVRAS9T7sI+LIUmWTfcYkHO4aIWwzhcaSAoJOfIk=
github.com/golang/protobuf v1.5.2 h1:ROPKBNFfQgOUMifHyP+KYbvpjbdoFNs+aK7DXlji0Tw=
github.com/golang/protobuf v1.5.2/go.mod h1:XVQd3VNwM+JqD3oG2Ue2ip4fOMUkwXdXDdiuN0vRsmY=
github.com/google/go-cmp v0.5.5/go.mod h1:v8dTdLbMG2kIc/vJvl+f65V22dbkXbowE6jgT/gNBxE=
github.com/google/go-cmp v0.5.9 h1:O2Tfq5qg4qc4AmwVlvv0oLiVAGB7enBSJ2x2DqQFi38=
github.com/jaypipes/ghw v0.10.0 h1:UHu9UX08Py315iPojADFPOkmjTsNzHj4g4adsNKKteY=
github.com/jaypipes/ghw v0.10.0/go.mod h1:jeJGbkRB2lL3/gxYzNYzEDETV1ZJ56OKr+CSeSEym+g=
github.com/jaypipes/pcidb v1.0.0 h1:vtZIfkiCUE42oYbJS0TAq9XSfSmcsgo9IdxSm9qzYU8=
github.com/jaypipes/pcidb v1.0.0/go.mod h1:TnYUvqhPBzCKnH34KrIX22kAeEbDCSRJ9cqLRCuNDfk=
github.com/jessevdk/go-flags v1.4.0/go.mod h1:4FA24M0QyGHXBuZZK/XkWh8h0e1EYbRYJSGM75WSRxI=
github.com/kr/pretty v0.1.0 h1:L/CwN0zerZDmRFUapSPitk6f+Q3+0za1rQkzVuMiMFI=
github.com/kr/text v0.2.0 h1:5Nx0Ya0ZqY2ygV366QzturHI13Jq95ApcVaJBhpS+AY=
github.com/mitchellh/go-homedir v1.1.0 h1:lukF9ziXFxDFPkA1vsr5zpc1XuPDn/wFntq5mG+4E0Y=
github.com/mitchellh/go-homedir v1.1.0/go.mod h1:SfyaCUpYCn1Vlf4IUYiD9fPX4A5wJrkLzIz1N1q0pr0=
github.com/opiproject/opi-api v0.0.0-20230303012813-84a85a3b3082 h1:1cKSew5oLFFMSt8rAS0QaIlfNXK6Hip8OOyWCrk/jdQ=
github.com/opiproject/opi-api v0.0.0-20230303012813-84a85a3b3082/go.mod h1:92pv4ulvvPMuxCJ9ND3aYbmBfEMLx0VCjpkiR7ZTqPY=
github.com/opiproject/opi-api v0.0.0-20230303162737-328ef45a14b7 h1:Dus38YGXSg3Dbtm1rYVgdC78CZAV5VkmFpKESscGk4E=
github.com/opiproject/opi-api v0.0.0-20230303162737-328ef45a14b7/go.mod h1:92pv4ulvvPMuxCJ9ND3aYbmBfEMLx0VCjpkiR7ZTqPY=
github.com/opiproject/opi-api v0.0.0-20230308182040-4d50cc36139e h1:JcVtrEWG15BD2Z1BK02HO50gJBAG/iwo8/kESUmYxPY=
github.com/opiproject/opi-api v0.0.0-20230308182040-4d50cc36139e/go.mod h1:92pv4ulvvPMuxCJ9ND3aYbmBfEMLx0VCjpkiR7ZTqPY=
github.com/opiproject/opi-api v0.0.0-20230310172447-05176c3f7750 h1:V/HlKKhe7JXzH9kYc81k7wXu1tZjsWMwW+nkGbhzsMo=
github.com/opiproject/opi-api v0.0.0-20230310172447-05176c3f7750/go.mod h1:92pv4ulvvPMuxCJ9ND3aYbmBfEMLx0VCjpkiR7ZTqPY=
github.com/opiproject/opi-api v0.0.0-20230317155034-0605e35f1e29 h1:EvCglUZjMQtTm1BS+ApxBnHtKFBsM4/Z3Eq3SDqACTE=
github.com/opiproject/opi-api v0.0.0-20230317155034-0605e35f1e29/go.mod h1:92pv4ulvvPMuxCJ9ND3aYbmBfEMLx0VCjpkiR7ZTqPY=
github.com/opiproject/opi-api v0.0.0-20230321130819-26d7a341e5cf h1:y2cJbxE1YzQ4szJtTNt+DvgYBmMfgb6syxEna/z39vQ=
github.com/opiproject/opi-api v0.0.0-20230321130819-26d7a341e5cf/go.mod h1:92pv4ulvvPMuxCJ9ND3aYbmBfEMLx0VCjpkiR7ZTqPY=
github.com/opiproject/opi-api v0.0.0-20230324143335-625e66a59b8a h1:Jwp1VwZMPuGCPln4c62s1QUMNhJ/+BY9QTVu0U3utdU=
github.com/opiproject/opi-api v0.0.0-20230324143335-625e66a59b8a/go.mod h1:92pv4ulvvPMuxCJ9ND3aYbmBfEMLx0VCjpkiR7ZTqPY=
github.com/opiproject/opi-smbios-bridge v0.1.2 h1:3N5niOKTFeBsKKW7rJ1gBIWmWMlnIiWkoVzPPr9/rM8=
github.com/opiproject/opi-smbios-bridge v0.1.2/go.mod h1:5tpIUy8pCefDM5BG0H5yNezt/4gxqcLmEcIPJHrUoBg=
github.com/opiproject/opi-spdk-bridge v0.1.2-0.20230303031855-5c9098f29085 h1:Puc7x9UZ+jYZ87PNGwtI3aCKZj+YiapQQuBlC2/t7Go=
github.com/opiproject/opi-spdk-bridge v0.1.2-0.20230303031855-5c9098f29085/go.mod h1:AS8ohkjiwekYBQWI4LQvwBgAJKG70iZIVOhqja1ouwU=
github.com/opiproject/opi-spdk-bridge v0.1.2-0.20230303122955-3c0869990563 h1:wCCKFMkNa67n7RwKqwIx0jnv1shQepog8nCfCFQFqZU=
github.com/opiproject/opi-spdk-bridge v0.1.2-0.20230303122955-3c0869990563/go.mod h1:AS8ohkjiwekYBQWI4LQvwBgAJKG70iZIVOhqja1ouwU=
github.com/opiproject/opi-spdk-bridge v0.1.2-0.20230303125632-248f7fed0f06 h1:lWc9GOkPDvWM40RBPE2zGxbHl7JW4XrOKqRW6guhPUs=
github.com/opiproject/opi-spdk-bridge v0.1.2-0.20230303125632-248f7fed0f06/go.mod h1:AS8ohkjiwekYBQWI4LQvwBgAJKG70iZIVOhqja1ouwU=
github.com/opiproject/opi-spdk-bridge v0.1.2-0.20230303143828-29c8415120c9 h1:OY+Ihwq4YC9atAj3gRo34OsyuZNzAj77mFrLEWgdqiA=
github.com/opiproject/opi-spdk-bridge v0.1.2-0.20230303143828-29c8415120c9/go.mod h1:AS8ohkjiwekYBQWI4LQvwBgAJKG70iZIVOhqja1ouwU=
github.com/opiproject/opi-spdk-bridge v0.1.2-0.20230304170424-f5c97293a254 h1:oF6fICe7sI4+U0HWIF6rshw87hllOPiGrH34LRze8JE=
github.com/opiproject/opi-spdk-bridge v0.1.2-0.20230304170424-f5c97293a254/go.mod h1:NoRtnd02+gMv3ULL7XreBLE2/PZoO9P/ca7hNRtjNIA=
github.com/opiproject/opi-spdk-bridge v0.1.2-0.20230306151936-4cfcc169e612 h1:/oX2mW84Hf5y4hZA2UgjQDte5nVNcdCclpVSqGsYgkU=
github.com/opiproject/opi-spdk-bridge v0.1.2-0.20230306151936-4cfcc169e612/go.mod h1:NoRtnd02+gMv3ULL7XreBLE2/PZoO9P/ca7hNRtjNIA=
github.com/opiproject/opi-spdk-bridge v0.1.2-0.20230306231314-61023549783b h1:MXiwAeRxqtJ7oyiu/ta8e1pOmZgGAw5wym6VpZ1FBcA=
github.com/opiproject/opi-spdk-bridge v0.1.2-0.20230306231314-61023549783b/go.mod h1:NoRtnd02+gMv3ULL7XreBLE2/PZoO9P/ca7hNRtjNIA=
github.com/opiproject/opi-spdk-bridge v0.1.2-0.20230307114812-e2852946df28 h1:MbKkBLZ+1MDp3+9iu6FuVY3olgZUPHXWdrJgq9BQKqw=
github.com/opiproject/opi-spdk-bridge v0.1.2-0.20230307114812-e2852946df28/go.mod h1:NoRtnd02+gMv3ULL7XreBLE2/PZoO9P/ca7hNRtjNIA=
github.com/opiproject/opi-spdk-bridge v0.1.2-0.20230307183013-75888a1a41bb h1:lREdu+4myUr/VJ2GtqBI/wq8rQQqqXRO25S4M49zZOA=
github.com/opiproject/opi-spdk-bridge v0.1.2-0.20230307183013-75888a1a41bb/go.mod h1:NoRtnd02+gMv3ULL7XreBLE2/PZoO9P/ca7hNRtjNIA=
github.com/opiproject/opi-spdk-bridge v0.1.2-0.20230308145000-9d299cb97d03 h1:bqW2SkCQFxid+W4NmcbxvqOPx1gdPiMnSZK/fbT6rWk=
github.com/opiproject/opi-spdk-bridge v0.1.2-0.20230308145000-9d299cb97d03/go.mod h1:NoRtnd02+gMv3ULL7XreBLE2/PZoO9P/ca7hNRtjNIA=
github.com/opiproject/opi-spdk-bridge v0.1.2-0.20230308171514-eec6e34fc076 h1:OwSQ6SJJke6ad1zAHwdqcpt1hozCzASslkMSqUBRz0w=
github.com/opiproject/opi-spdk-bridge v0.1.2-0.20230308171514-eec6e34fc076/go.mod h1:GR68F/prJA7959FPhUznUCWlwA22UYObjTkEanjMUQ8=
github.com/opiproject/opi-spdk-bridge v0.1.2-0.20230308204541-b66972ac1d8e h1:SEcYz+eWVO8oJfI6zuBS5TBZdHBeT22CiOLzMlGEURE=
github.com/opiproject/opi-spdk-bridge v0.1.2-0.20230308204541-b66972ac1d8e/go.mod h1:GR68F/prJA7959FPhUznUCWlwA22UYObjTkEanjMUQ8=
github.com/opiproject/opi-spdk-bridge v0.1.2-0.20230309002715-628da04b43d0 h1:ppVnU6ZAjGvZkVYRjy2LBAXd/sQ9aRGwB4z+5RYgDmY=
github.com/opiproject/opi-spdk-bridge v0.1.2-0.20230309002715-628da04b43d0/go.mod h1:QmE9ravnMT/0rev/N5AZPS3zdelX8XKWmM0SAPiHru8=
github.com/opiproject/opi-spdk-bridge v0.1.2-0.20230309112345-81034be49d91 h1:jBVa/9gMYzzS6h07aqp00bdktCaCKC46bFe1zg2m5FU=
github.com/opiproject/opi-spdk-bridge v0.1.2-0.20230309112345-81034be49d91/go.mod h1:QmE9ravnMT/0rev/N5AZPS3zdelX8XKWmM0SAPiHru8=
github.com/opiproject/opi-spdk-bridge v0.1.2-0.20230309192133-8bb4ddea061c h1:/MA9f2sXDJGz4UNZyNJ+UtLFohFkTBO8HcgZ9GLXCN4=
github.com/opiproject/opi-spdk-bridge v0.1.2-0.20230309192133-8bb4ddea061c/go.mod h1:QmE9ravnMT/0rev/N5AZPS3zdelX8XKWmM0SAPiHru8=
github.com/opiproject/opi-spdk-bridge v0.1.2-0.20230309205437-dd47866b4fed h1:ZVRbR+B1wRA/e9IfEmLBJdYafUmX5z4KIMyU7lrz+jk=
github.com/opiproject/opi-spdk-bridge v0.1.2-0.20230309205437-dd47866b4fed/go.mod h1:QmE9ravnMT/0rev/N5AZPS3zdelX8XKWmM0SAPiHru8=
github.com/opiproject/opi-spdk-bridge v0.1.2-0.20230309223054-81525704c623 h1:w5FeAxZCriI+Omrp15ufZmdYFOdkklyArptFZ0qs4Xo=
github.com/opiproject/opi-spdk-bridge v0.1.2-0.20230309223054-81525704c623/go.mod h1:QmE9ravnMT/0rev/N5AZPS3zdelX8XKWmM0SAPiHru8=
github.com/opiproject/opi-spdk-bridge v0.1.2-0.20230310131308-03aeb07f3b6a h1:CIcvYtcubSi/Te9toohLXKVRAnLiav09zq73EpkG5q8=
github.com/opiproject/opi-spdk-bridge v0.1.2-0.20230310131308-03aeb07f3b6a/go.mod h1:QmE9ravnMT/0rev/N5AZPS3zdelX8XKWmM0SAPiHru8=
github.com/opiproject/opi-spdk-bridge v0.1.2-0.20230311040118-e78cbb8aa23d h1:m9wZbNq49MDJ1EqXqUgl9Ekvos313J2yom11sEjPW7I=
github.com/opiproject/opi-spdk-bridge v0.1.2-0.20230311040118-e78cbb8aa23d/go.mod h1:SPi+OHuYnia+KVutDewU889nWMuypkfwpBEFfBBYw2E=
github.com/opiproject/opi-spdk-bridge v0.1.2-0.20230311231504-6fba978db5eb h1:CNrWMIDDDSW8LVAzEDHBM56JZVEdvjYF0Gpn1yybWr0=
github.com/opiproject/opi-spdk-bridge v0.1.2-0.20230311231504-6fba978db5eb/go.mod h1:SPi+OHuYnia+KVutDewU889nWMuypkfwpBEFfBBYw2E=
github.com/opiproject/opi-spdk-bridge v0.1.2-0.20230314200357-a18785d5da7b h1:cei72Byb0WRtmlCjbRKNeEHzlYoBMB2XlNaq5CdROng=
github.com/opiproject/opi-spdk-bridge v0.1.2-0.20230314200357-a18785d5da7b/go.mod h1:tPZIdOGhyjL5FMFtVxuXgQonQpSw/8BLl287hf71QDw=
github.com/opiproject/opi-spdk-bridge v0.1.2-0.20230315162614-189253856716 h1:Qm0KiUDHceO6qK2dQWKKv3Hhai7vIo5GvL0ls1x52qY=
github.com/opiproject/opi-spdk-bridge v0.1.2-0.20230315162614-189253856716/go.mod h1:tPZIdOGhyjL5FMFtVxuXgQonQpSw/8BLl287hf71QDw=
github.com/opiproject/opi-spdk-bridge v0.1.2-0.20230315191240-92ff8948bc4f h1:nGouCVV7ydlijgGwDQsnU3f7sxktkUIkjr0j/mj+gLA=
github.com/opiproject/opi-spdk-bridge v0.1.2-0.20230315191240-92ff8948bc4f/go.mod h1:tPZIdOGhyjL5FMFtVxuXgQonQpSw/8BLl287hf71QDw=
github.com/opiproject/opi-spdk-bridge v0.1.2-0.20230315215043-173f72cedbe5 h1:aJQLYCZ5bYXUeYfL17kZWCdZC+JUivvfAmgsROWwWMY=
github.com/opiproject/opi-spdk-bridge v0.1.2-0.20230315215043-173f72cedbe5/go.mod h1:tPZIdOGhyjL5FMFtVxuXgQonQpSw/8BLl287hf71QDw=
github.com/opiproject/opi-spdk-bridge v0.1.2-0.20230316091412-8249c09b6d35 h1:otuYRdAFKh7stbJMAJYMKfFYUGHj8t7sUUY+bZLNG8o=
github.com/opiproject/opi-spdk-bridge v0.1.2-0.20230316091412-8249c09b6d35/go.mod h1:tPZIdOGhyjL5FMFtVxuXgQonQpSw/8BLl287hf71QDw=
github.com/opiproject/opi-spdk-bridge v0.1.2-0.20230316110522-f06a8ee7d80a h1:j0pXslgHShptgUZL5qAKjZmZlizZep8Al7HIQ1HDNiE=
github.com/opiproject/opi-spdk-bridge v0.1.2-0.20230316110522-f06a8ee7d80a/go.mod h1:tPZIdOGhyjL5FMFtVxuXgQonQpSw/8BLl287hf71QDw=
github.com/opiproject/opi-spdk-bridge v0.1.2-0.20230316121451-5e26cbdf0df6 h1:b1ntiOz05tRMKEjpNXEBzJvoUYJHkP0jW02P5tCu2ro=
github.com/opiproject/opi-spdk-bridge v0.1.2-0.20230316121451-5e26cbdf0df6/go.mod h1:JaTN/xcY7rlFcaLKd6I/KaVTpQ4hGo/KLUS+x1bACl8=
github.com/opiproject/opi-spdk-bridge v0.1.2-0.20230316130017-7db11053498b h1:/4Q9lgh2y/bjGSQhr27WjpJIyJe2fv9QI2cd5PJnvsw=
github.com/opiproject/opi-spdk-bridge v0.1.2-0.20230316130017-7db11053498b/go.mod h1:JaTN/xcY7rlFcaLKd6I/KaVTpQ4hGo/KLUS+x1bACl8=
github.com/opiproject/opi-spdk-bridge v0.1.2-0.20230316131151-3cef6af2ebfd h1:nsRN8fsZG5x8OEzLtYFPVy92FuaUwrhylBAUVH3C1EQ=
github.com/opiproject/opi-spdk-bridge v0.1.2-0.20230316131151-3cef6af2ebfd/go.mod h1:JaTN/xcY7rlFcaLKd6I/KaVTpQ4hGo/KLUS+x1bACl8=
github.com/opiproject/opi-spdk-bridge v0.1.2-0.20230316144717-012e530e0b5c h1:3LFQiAxkAf9JynC8rSTb7tktiCwvOcABiPsnRbyVy/Y=
github.com/opiproject/opi-spdk-bridge v0.1.2-0.20230316144717-012e530e0b5c/go.mod h1:JaTN/xcY7rlFcaLKd6I/KaVTpQ4hGo/KLUS+x1bACl8=
github.com/opiproject/opi-spdk-bridge v0.1.2-0.20230317153712-42326c8dfe8a h1:8hU9+HIDdPOJ/u3uuBS7T+m01P8UCtTgXcQlBGZImjI=
github.com/opiproject/opi-spdk-bridge v0.1.2-0.20230317153712-42326c8dfe8a/go.mod h1:JaTN/xcY7rlFcaLKd6I/KaVTpQ4hGo/KLUS+x1bACl8=
github.com/opiproject/opi-spdk-bridge v0.1.2-0.20230317183323-a5ffa406f086 h1:XnxTCg8i9Jmi/C4dck0474X6/Ocx2/at4ujkObwY3+0=
github.com/opiproject/opi-spdk-bridge v0.1.2-0.20230317183323-a5ffa406f086/go.mod h1:RL0034YKVPvLJXXwjz1bNcWyXKZgksnQ0b6lTapgQ8o=
github.com/opiproject/opi-spdk-bridge v0.1.2-0.20230317231440-64f20c97749e h1:h85Fh7NmKq0YvT2z+nvePY70qQGi2KfhZEQJfCFctXo=
github.com/opiproject/opi-spdk-bridge v0.1.2-0.20230317231440-64f20c97749e/go.mod h1:RL0034YKVPvLJXXwjz1bNcWyXKZgksnQ0b6lTapgQ8o=
github.com/opiproject/opi-spdk-bridge v0.1.2-0.20230320160343-ccec4b558063 h1:pAajDZf9VZpFkdvdFzTdqjXeSX5WV5m7TJjaxacBBiM=
github.com/opiproject/opi-spdk-bridge v0.1.2-0.20230320160343-ccec4b558063/go.mod h1:RL0034YKVPvLJXXwjz1bNcWyXKZgksnQ0b6lTapgQ8o=
github.com/opiproject/opi-spdk-bridge v0.1.2-0.20230320233048-be9c5e1fbf18 h1:slbxepVLuk7wB4CUcYDNhcLsOsto3FIJSp1teB52gE4=
github.com/opiproject/opi-spdk-bridge v0.1.2-0.20230320233048-be9c5e1fbf18/go.mod h1:RL0034YKVPvLJXXwjz1bNcWyXKZgksnQ0b6lTapgQ8o=
github.com/opiproject/opi-spdk-bridge v0.1.2-0.20230321111117-3f9d786b1de1 h1:tzsFkxOo3Rati179vWrl4n0K10lxVa6Z7ZxXBASQWdI=
github.com/opiproject/opi-spdk-bridge v0.1.2-0.20230321111117-3f9d786b1de1/go.mod h1:RL0034YKVPvLJXXwjz1bNcWyXKZgksnQ0b6lTapgQ8o=
github.com/opiproject/opi-spdk-bridge v0.1.2-0.20230321144441-f392c5d18798 h1:qqo0BJHRpeV9GGLx8zQRRcSckDaECNCbCp/eb8thRYk=
github.com/opiproject/opi-spdk-bridge v0.1.2-0.20230321144441-f392c5d18798/go.mod h1:AYcURi9C8mo23ILsKVSVoK2dilyXng0vc7209X00sMI=
github.com/opiproject/opi-spdk-bridge v0.1.2-0.20230321163240-e3a1aba1e05b h1:OwGc9gtfFxWKPc0JXPp6PGTQxJmtv3HJKtpbzkeGFYk=
github.com/opiproject/opi-spdk-bridge v0.1.2-0.20230321163240-e3a1aba1e05b/go.mod h1:AYcURi9C8mo23ILsKVSVoK2dilyXng0vc7209X00sMI=
github.com/opiproject/opi-spdk-bridge v0.1.2-0.20230321183031-6a8ab66ee203 h1:0tYIdv/p4VzEeAsbB5jHXfznLvdYFWa+5ytBl/vnxTg=
github.com/opiproject/opi-spdk-bridge v0.1.2-0.20230321183031-6a8ab66ee203/go.mod h1:AYcURi9C8mo23ILsKVSVoK2dilyXng0vc7209X00sMI=
github.com/opiproject/opi-spdk-bridge v0.1.2-0.20230322155750-97999f8d55eb h1:fTlWuTttiaXD+b8/YgAt7eliMtmHfxHcw18imapi2/A=
github.com/opiproject/opi-spdk-bridge v0.1.2-0.20230322155750-97999f8d55eb/go.mod h1:b1rnIRd7GHM7im3XhJrIq1fPLZ+0bpZj/SKfKys1mC0=
github.com/opiproject/opi-spdk-bridge v0.1.2-0.20230322213115-d88cb4ff9f75 h1:zCOdVpP3EJ+d+QtRYqBtygwo3M3OY0jdX97n+m+L+aM=
github.com/opiproject/opi-spdk-bridge v0.1.2-0.20230322213115-d88cb4ff9f75/go.mod h1:b1rnIRd7GHM7im3XhJrIq1fPLZ+0bpZj/SKfKys1mC0=
github.com/opiproject/opi-spdk-bridge v0.1.2-0.20230323205448-d36704d08e55 h1:G3G2ngPnIPXLSGlPByoq7JK8i8mRqfb+ADvFp8GppOE=
github.com/opiproject/opi-spdk-bridge v0.1.2-0.20230323205448-d36704d08e55/go.mod h1:b1rnIRd7GHM7im3XhJrIq1fPLZ+0bpZj/SKfKys1mC0=
github.com/opiproject/opi-spdk-bridge v0.1.2-0.20230324143734-b165b3bc794b h1:GkQwmchD9xFB1+1viB9YSDtL/4i/xQ+oZURdNIiSSW0=
github.com/opiproject/opi-spdk-bridge v0.1.2-0.20230324143734-b165b3bc794b/go.mod h1:b1rnIRd7GHM7im3XhJrIq1fPLZ+0bpZj/SKfKys1mC0=
github.com/opiproject/opi-spdk-bridge v0.1.2-0.20230324163616-d712068cea01 h1:KU2a9YZ56gUZpzqXHPYA21B1KnmoQx+aoHoEahcAuvg=
github.com/opiproject/opi-spdk-bridge v0.1.2-0.20230324163616-d712068cea01/go.mod h1:GX/FSSGll/cj6xZhizFcSTiFoPOG0fhQggKwBXdqYyQ=
github.com/opiproject/opi-spdk-bridge v0.1.2-0.20230324233934-7455c2828030 h1:okZiZVIgnvcVDRVM61Wfwar3bHjVKDtiUyPlY1GhmfA=
github.com/opiproject/opi-spdk-bridge v0.1.2-0.20230324233934-7455c2828030/go.mod h1:GX/FSSGll/cj6xZhizFcSTiFoPOG0fhQggKwBXdqYyQ=
github.com/opiproject/opi-spdk-bridge v0.1.2-0.20230325090930-be3ae1bbc102 h1:RUIIChWzDfl0NoCCcfib9dONIm/2vxsw39mVz2Wyrtc=
github.com/opiproject/opi-spdk-bridge v0.1.2-0.20230325090930-be3ae1bbc102/go.mod h1:GX/FSSGll/cj6xZhizFcSTiFoPOG0fhQggKwBXdqYyQ=
github.com/opiproject/opi-strongswan-bridge v0.1.1 h1:Mz/8AtA0DD8O/H9jCsDw7wuVoWNiqgXICLsD10XWJ+g=
github.com/opiproject/opi-strongswan-bridge v0.1.1/go.mod h1:ek3r3zLa9nOfb2a7ybdMJvb5BSGU9I17Xo38UMXfE+k=
github.com/pkg/errors v0.9.1 h1:FEBLx1zS214owpjy7qsBeixbURkuhQAwrK5UwLGTwt4=
github.com/pkg/errors v0.9.1/go.mod h1:bwawxfHBFNV+L2hUp1rHADufV3IMtnDRdf1r5NINEl0=
github.com/strongswan/govici v0.6.0 h1:QAjc7IIx1c/1P0Hz7yMX91FB5BUNKtyXzfxpuPyBKXE=
github.com/strongswan/govici v0.6.0/go.mod h1:RgO/KrMlFNsRf3dSoxwWSDSV+ASd98n1T+2G3QMEVHE=
github.com/ulule/deepcopier v0.0.0-20200430083143-45decc6639b6 h1:TtyC78WMafNW8QFfv3TeP3yWNDG+uxNkk9vOrnDu6JA=
github.com/ulule/deepcopier v0.0.0-20200430083143-45decc6639b6/go.mod h1:h8272+G2omSmi30fBXiZDMkmHuOgonplfKIKjQWzlfs=
golang.org/x/net v0.7.0 h1:rJrUqqhjsgNp7KqAIc25s9pZnjU7TUcSY7HcVZjdn1g=
golang.org/x/net v0.7.0/go.mod h1:2Tu9+aMcznHK/AK1HMvgo6xiTLG5rD5rZLDS+rp2Bjs=
golang.org/x/net v0.8.0 h1:Zrh2ngAOFYneWTAIAPethzeaQLuHwhuBkuV6ZiRnUaQ=
golang.org/x/net v0.8.0/go.mod h1:QVkue5JL9kW//ek3r6jTKnTFis1tRmNAW2P1shuFdJc=
golang.org/x/sys v0.0.0-20190916202348-b4ddaad3f8a3/go.mod h1:h1NjWce9XRLGQEsW7wpKNCjG9DtNlClVuFLEZdDNbEs=
golang.org/x/sys v0.5.0 h1:MUK/U/4lj1t1oPg0HfuXDN/Z1wv31ZJ/YcPiGccS4DU=
golang.org/x/sys v0.5.0/go.mod h1:oPkhp1MJrh7nUepCBck5+mAzfO9JrbApNNgaTdGDITg=
golang.org/x/sys v0.6.0 h1:MVltZSvRTcU2ljQOhs94SXPftV6DCNnZViHeQps87pQ=
golang.org/x/sys v0.6.0/go.mod h1:oPkhp1MJrh7nUepCBck5+mAzfO9JrbApNNgaTdGDITg=
golang.org/x/text v0.7.0 h1:4BRB4x83lYWy72KwLD/qYDuTu7q9PjSagHvijDw7cLo=
golang.org/x/text v0.7.0/go.mod h1:mrYo+phRRbMaCq/xk9113O4dZlRixOauAjOtrjsXDZ8=
golang.org/x/text v0.8.0 h1:57P1ETyNKtuIjB4SRd15iJxuhj8Gc416Y78H3qgMh68=
golang.org/x/text v0.8.0/go.mod h1:e1OnstbJyHTd6l/uOt8jFFHp6TRDWZR/bV3emEE/zU8=
golang.org/x/xerrors v0.0.0-20191204190536-9bdfabe68543/go.mod h1:I/5z698sn9Ka8TeJc9MKroUUfqBBauWjQqLJ2OPfmY0=
google.golang.org/genproto v0.0.0-20230216225411-c8e22ba71e44 h1:EfLuoKW5WfkgVdDy7dTK8qSbH37AX5mj/MFh+bGPz14=
google.golang.org/genproto v0.0.0-20230216225411-c8e22ba71e44/go.mod h1:8B0gmkoRebU8ukX6HP+4wrVQUY1+6PkQ44BSyIlflHA=
google.golang.org/grpc v1.53.0 h1:LAv2ds7cmFV/XTS3XG1NneeENYrXGmorPxsBbptIjNc=
google.golang.org/grpc v1.53.0/go.mod h1:OnIrk0ipVdj4N5d9IUoFUx72/VlD7+jUsHwZgwSMQpw=
google.golang.org/grpc v1.54.0 h1:EhTqbhiYeixwWQtAEZAxmV9MGqcjEU2mFx52xCzNyag=
google.golang.org/grpc v1.54.0/go.mod h1:PUSEXI6iWghWaB6lXM4knEgpJNu2qUcKfDtNci3EC2g=
google.golang.org/protobuf v1.26.0-rc.1/go.mod h1:jlhhOSvTdKEhbULTjvd4ARK9grFBp09yW+WbY/TyQbw=
google.golang.org/protobuf v1.26.0/go.mod h1:9q0QmTI4eRPtz6boOQmLYwt+qCgq0jsYwAQnmE0givc=
google.golang.org/protobuf v1.28.1 h1:d0NfwRgPtno5B1Wa6L2DAG+KivqkdutMf1UhdNx175w=
google.golang.org/protobuf v1.28.1/go.mod h1:HV8QOd/L58Z+nl8r43ehVNZIU/HEI6OcFqwMG9pJV4I=
google.golang.org/protobuf v1.29.0 h1:44S3JjaKmLEE4YIkjzexaP+NzZsudE3Zin5Njn/pYX0=
google.golang.org/protobuf v1.29.0/go.mod h1:HV8QOd/L58Z+nl8r43ehVNZIU/HEI6OcFqwMG9pJV4I=
google.golang.org/protobuf v1.29.1 h1:7QBf+IK2gx70Ap/hDsOmam3GE0v9HicjfEdAxE62UoM=
google.golang.org/protobuf v1.29.1/go.mod h1:HV8QOd/L58Z+nl8r43ehVNZIU/HEI6OcFqwMG9pJV4I=
google.golang.org/protobuf v1.30.0 h1:kPPoIgf3TsEvrm0PFe15JQ+570QVxYzEvvHqChK+cng=
google.golang.org/protobuf v1.30.0/go.mod h1:HV8QOd/L58Z+nl8r43ehVNZIU/HEI6OcFqwMG9pJV4I=
gopkg.in/check.v1 v0.0.0-20161208181325-20d25e280405/go.mod h1:Co6ibVJAznAaIkqp8huTwlJQCZ016jof/cbN4VW5Yz0=
gopkg.in/check.v1 v1.0.0-20180628173108-788fd7840127 h1:qIbj1fsPNlZgppZ+VLlY7N33q108Sa+fhmuc+sWQYwY=
gopkg.in/yaml.v1 v1.0.0-20140924161607-9f9df34309c0/go.mod h1:WDnlLJ4WF5VGsH/HVa3CI79GS0ol3YnhVnKP89i0kNg=
gopkg.in/yaml.v2 v2.4.0 h1:D8xgwECY7CYvx+Y2n4sBz93Jn9JRvxdiyyo8CTfuKaY=
gopkg.in/yaml.v2 v2.4.0/go.mod h1:RDklbk79AGWmwhnvt/jBztapEOGDOx6ZbXqjP6csGnQ=
howett.net/plist v1.0.0 h1:7CrbWYbPPO/PyNy38b2EB/+gYbjCe2DXBxgtOOZbSQM=
howett.net/plist v1.0.0/go.mod h1:lqaXoTrLY4hg8tnEzNru53gicrbv7rrk+2xJA/7hw9g=
