github.com/StackExchange/wmi v1.2.1 h1:VIkavFPXSjcnS+O8yTq7NI32k0R5Aj+v39y29VYDOSA=
github.com/StackExchange/wmi v1.2.1/go.mod h1:rcmrprowKIVzvc+NUiLncP2uuArMWLCbu9SBzvHz7e8=
github.com/ghodss/yaml v1.0.0 h1:wQHKEahhL6wmXdzwWG11gIVCkOv05bNOh+Rxn0yngAk=
github.com/ghodss/yaml v1.0.0/go.mod h1:4dBDuWmgqj2HViK6kFavaiC9ZROes6MMH2rRYeMEF04=
github.com/go-ole/go-ole v1.2.5/go.mod h1:pprOEPIfldk/42T2oK7lQ4v4JSDwmV0As9GaiUsvbm0=
github.com/go-ole/go-ole v1.2.6 h1:/Fpf6oFPoeFik9ty7siob0G6Ke8QvQEuVcuChpwXzpY=
github.com/go-ole/go-ole v1.2.6/go.mod h1:pprOEPIfldk/42T2oK7lQ4v4JSDwmV0As9GaiUsvbm0=
github.com/golang/protobuf v1.5.0/go.mod h1:FsONVRAS9T7sI+LIUmWTfcYkHO4aIWwzhcaSAoJOfIk=
github.com/golang/protobuf v1.5.3 h1:KhyjKVUg7Usr/dYsdSqoFveMYd5ko72D+zANwlG1mmg=
github.com/golang/protobuf v1.5.3/go.mod h1:XVQd3VNwM+JqD3oG2Ue2ip4fOMUkwXdXDdiuN0vRsmY=
github.com/google/go-cmp v0.5.5/go.mod h1:v8dTdLbMG2kIc/vJvl+f65V22dbkXbowE6jgT/gNBxE=
github.com/google/go-cmp v0.5.9 h1:O2Tfq5qg4qc4AmwVlvv0oLiVAGB7enBSJ2x2DqQFi38=
github.com/google/uuid v1.3.0 h1:t6JiXgmwXMjEs8VusXIJk2BXHsn+wx8BZdTaoZ5fu7I=
github.com/google/uuid v1.3.0/go.mod h1:TIyPZe4MgqvfeYDBFedMoGGpEw/LqOeaOT+nhxU+yHo=
github.com/jaypipes/ghw v0.10.1-0.20230512193701-36ff37eb3bdf h1:39oOWIWZUVdnHJC4xpjVLS+mNcrJBIx6pMuF8mRCuuo=
github.com/jaypipes/ghw v0.10.1-0.20230512193701-36ff37eb3bdf/go.mod h1:jeJGbkRB2lL3/gxYzNYzEDETV1ZJ56OKr+CSeSEym+g=
github.com/jaypipes/pcidb v1.0.0 h1:vtZIfkiCUE42oYbJS0TAq9XSfSmcsgo9IdxSm9qzYU8=
github.com/jaypipes/pcidb v1.0.0/go.mod h1:TnYUvqhPBzCKnH34KrIX22kAeEbDCSRJ9cqLRCuNDfk=
github.com/jessevdk/go-flags v1.4.0/go.mod h1:4FA24M0QyGHXBuZZK/XkWh8h0e1EYbRYJSGM75WSRxI=
github.com/kr/pretty v0.1.0 h1:L/CwN0zerZDmRFUapSPitk6f+Q3+0za1rQkzVuMiMFI=
github.com/kr/text v0.2.0 h1:5Nx0Ya0ZqY2ygV366QzturHI13Jq95ApcVaJBhpS+AY=
github.com/mitchellh/go-homedir v1.1.0 h1:lukF9ziXFxDFPkA1vsr5zpc1XuPDn/wFntq5mG+4E0Y=
github.com/mitchellh/go-homedir v1.1.0/go.mod h1:SfyaCUpYCn1Vlf4IUYiD9fPX4A5wJrkLzIz1N1q0pr0=
github.com/opiproject/gospdk v0.0.0-20230531000405-18804b8356af h1:6rw6+mOMs1AFYrqlXzLjpvCCNhs8Yk+H5tI9o2u42MI=
github.com/opiproject/gospdk v0.0.0-20230531000405-18804b8356af/go.mod h1:Unf3idtaelGKnTbIbJ+oKsxrBOFdVdFlDnwUKKVSxPQ=
github.com/opiproject/gospdk v0.0.0-20230601215713-d912b55f1d0a h1:Bap/OuTiR/OqSWCyntyFmVKPPSbKTaulKD/QdPJ5ojs=
github.com/opiproject/gospdk v0.0.0-20230601215713-d912b55f1d0a/go.mod h1:Unf3idtaelGKnTbIbJ+oKsxrBOFdVdFlDnwUKKVSxPQ=
github.com/opiproject/opi-api v0.0.0-20230602114114-0771d5245088 h1:ScoUBGOIqnTNLqLUImB8omrl5tZTaf27myFo0GyEoYA=
github.com/opiproject/opi-api v0.0.0-20230602114114-0771d5245088/go.mod h1:92pv4ulvvPMuxCJ9ND3aYbmBfEMLx0VCjpkiR7ZTqPY=
github.com/opiproject/opi-api v0.0.0-20230603003023-432a550f4f6c h1:EqlJl4rjIbCA8ZXXAoPtNba14BmJla8N5acy91SHis0=
github.com/opiproject/opi-api v0.0.0-20230603003023-432a550f4f6c/go.mod h1:92pv4ulvvPMuxCJ9ND3aYbmBfEMLx0VCjpkiR7ZTqPY=
github.com/opiproject/opi-smbios-bridge v0.1.3-0.20230527073217-96fc817e987d h1:WK2qrei1ZSJZKiOgQPcPwpTrGQfrr1AQu5YmPb0OVjA=
github.com/opiproject/opi-smbios-bridge v0.1.3-0.20230527073217-96fc817e987d/go.mod h1:dCSW8ONT/cCaFCg7d8PASbvxjKgja9VRqdQOOCc/RkA=
github.com/opiproject/opi-spdk-bridge v0.1.2-0.20230602115836-c8888b2057ea h1:l0BdrPFLXgSC2llNDLDN9tbUNtC7aWzOyH69iIPPZmQ=
github.com/opiproject/opi-spdk-bridge v0.1.2-0.20230602115836-c8888b2057ea/go.mod h1:GQlLJxRjmB0BL8tps7oR7bo6d6GkPWqOHBDvL3v7sFI=
github.com/opiproject/opi-spdk-bridge v0.1.2-0.20230603072739-9ea5135ffc9d h1:s0eV2tOP2xIEyLBITDGtJMwYOAbJUImowMZUrP3iv50=
github.com/opiproject/opi-spdk-bridge v0.1.2-0.20230603072739-9ea5135ffc9d/go.mod h1:H53ZF83SI8+iU+3LzMdh+OvazthJqljXsfluy+FI+rs=
github.com/opiproject/opi-strongswan-bridge v0.1.1 h1:Mz/8AtA0DD8O/H9jCsDw7wuVoWNiqgXICLsD10XWJ+g=
github.com/opiproject/opi-strongswan-bridge v0.1.1/go.mod h1:ek3r3zLa9nOfb2a7ybdMJvb5BSGU9I17Xo38UMXfE+k=
github.com/pkg/errors v0.9.1 h1:FEBLx1zS214owpjy7qsBeixbURkuhQAwrK5UwLGTwt4=
github.com/pkg/errors v0.9.1/go.mod h1:bwawxfHBFNV+L2hUp1rHADufV3IMtnDRdf1r5NINEl0=
github.com/strongswan/govici v0.6.0 h1:QAjc7IIx1c/1P0Hz7yMX91FB5BUNKtyXzfxpuPyBKXE=
github.com/strongswan/govici v0.6.0/go.mod h1:RgO/KrMlFNsRf3dSoxwWSDSV+ASd98n1T+2G3QMEVHE=
golang.org/x/net v0.10.0 h1:X2//UzNDwYmtCLn7To6G58Wr6f5ahEAQgKNzv9Y951M=
golang.org/x/net v0.10.0/go.mod h1:0qNGK6F8kojg2nk9dLZ2mShWaEBan6FAoqfSigmmuDg=
golang.org/x/sys v0.0.0-20190916202348-b4ddaad3f8a3/go.mod h1:h1NjWce9XRLGQEsW7wpKNCjG9DtNlClVuFLEZdDNbEs=
golang.org/x/sys v0.8.0 h1:EBmGv8NaZBZTWvrbjNoL6HVt+IVy3QDQpJs7VRIw3tU=
golang.org/x/sys v0.8.0/go.mod h1:oPkhp1MJrh7nUepCBck5+mAzfO9JrbApNNgaTdGDITg=
golang.org/x/text v0.9.0 h1:2sjJmO8cDvYveuX97RDLsxlyUxLl+GHoLxBiRdHllBE=
golang.org/x/text v0.9.0/go.mod h1:e1OnstbJyHTd6l/uOt8jFFHp6TRDWZR/bV3emEE/zU8=
golang.org/x/xerrors v0.0.0-20191204190536-9bdfabe68543/go.mod h1:I/5z698sn9Ka8TeJc9MKroUUfqBBauWjQqLJ2OPfmY0=
google.golang.org/genproto v0.0.0-20230530153820-e85fd2cbaebc h1:8DyZCyvI8mE1IdLy/60bS+52xfymkE72wv1asokgtao=
google.golang.org/genproto v0.0.0-20230530153820-e85fd2cbaebc/go.mod h1:xZnkP7mREFX5MORlOPEzLMr+90PPZQ2QWzrVTWfAq64=
google.golang.org/genproto/googleapis/api v0.0.0-20230530153820-e85fd2cbaebc h1:kVKPf/IiYSBWEWtkIn6wZXwWGCnLKcC8oWfZvXjsGnM=
google.golang.org/genproto/googleapis/api v0.0.0-20230530153820-e85fd2cbaebc/go.mod h1:vHYtlOoi6TsQ3Uk2yxR7NI5z8uoV+3pZtR4jmHIkRig=
google.golang.org/genproto/googleapis/rpc v0.0.0-20230530153820-e85fd2cbaebc h1:XSJ8Vk1SWuNr8S18z1NZSziL0CPIXLCCMDOEFtHBOFc=
google.golang.org/genproto/googleapis/rpc v0.0.0-20230530153820-e85fd2cbaebc/go.mod h1:66JfowdXAEgad5O9NnYcsNPLCPZJD++2L9X0PCMODrA=
google.golang.org/grpc v1.55.0 h1:3Oj82/tFSCeUrRTg/5E/7d/W5A1tj6Ky1ABAuZuv5ag=
google.golang.org/grpc v1.55.0/go.mod h1:iYEXKGkEBhg1PjZQvoYEVPTDkHo1/bjTnfwTeGONTY8=
google.golang.org/protobuf v1.26.0-rc.1/go.mod h1:jlhhOSvTdKEhbULTjvd4ARK9grFBp09yW+WbY/TyQbw=
google.golang.org/protobuf v1.26.0/go.mod h1:9q0QmTI4eRPtz6boOQmLYwt+qCgq0jsYwAQnmE0givc=
google.golang.org/protobuf v1.30.0 h1:kPPoIgf3TsEvrm0PFe15JQ+570QVxYzEvvHqChK+cng=
google.golang.org/protobuf v1.30.0/go.mod h1:HV8QOd/L58Z+nl8r43ehVNZIU/HEI6OcFqwMG9pJV4I=
gopkg.in/check.v1 v0.0.0-20161208181325-20d25e280405/go.mod h1:Co6ibVJAznAaIkqp8huTwlJQCZ016jof/cbN4VW5Yz0=
gopkg.in/check.v1 v1.0.0-20180628173108-788fd7840127 h1:qIbj1fsPNlZgppZ+VLlY7N33q108Sa+fhmuc+sWQYwY=
gopkg.in/yaml.v1 v1.0.0-20140924161607-9f9df34309c0/go.mod h1:WDnlLJ4WF5VGsH/HVa3CI79GS0ol3YnhVnKP89i0kNg=
gopkg.in/yaml.v2 v2.4.0 h1:D8xgwECY7CYvx+Y2n4sBz93Jn9JRvxdiyyo8CTfuKaY=
gopkg.in/yaml.v2 v2.4.0/go.mod h1:RDklbk79AGWmwhnvt/jBztapEOGDOx6ZbXqjP6csGnQ=
howett.net/plist v1.0.0 h1:7CrbWYbPPO/PyNy38b2EB/+gYbjCe2DXBxgtOOZbSQM=
howett.net/plist v1.0.0/go.mod h1:lqaXoTrLY4hg8tnEzNru53gicrbv7rrk+2xJA/7hw9g=
