github.com/StackExchange/wmi v1.2.1 h1:VIkavFPXSjcnS+O8yTq7NI32k0R5Aj+v39y29VYDOSA=
github.com/StackExchange/wmi v1.2.1/go.mod h1:rcmrprowKIVzvc+NUiLncP2uuArMWLCbu9SBzvHz7e8=
github.com/ghodss/yaml v1.0.0 h1:wQHKEahhL6wmXdzwWG11gIVCkOv05bNOh+Rxn0yngAk=
github.com/ghodss/yaml v1.0.0/go.mod h1:4dBDuWmgqj2HViK6kFavaiC9ZROes6MMH2rRYeMEF04=
github.com/go-ole/go-ole v1.2.5/go.mod h1:pprOEPIfldk/42T2oK7lQ4v4JSDwmV0As9GaiUsvbm0=
github.com/go-ole/go-ole v1.2.6 h1:/Fpf6oFPoeFik9ty7siob0G6Ke8QvQEuVcuChpwXzpY=
github.com/go-ole/go-ole v1.2.6/go.mod h1:pprOEPIfldk/42T2oK7lQ4v4JSDwmV0As9GaiUsvbm0=
github.com/golang/protobuf v1.5.0/go.mod h1:FsONVRAS9T7sI+LIUmWTfcYkHO4aIWwzhcaSAoJOfIk=
github.com/golang/protobuf v1.5.3 h1:KhyjKVUg7Usr/dYsdSqoFveMYd5ko72D+zANwlG1mmg=
github.com/golang/protobuf v1.5.3/go.mod h1:XVQd3VNwM+JqD3oG2Ue2ip4fOMUkwXdXDdiuN0vRsmY=
github.com/google/go-cmp v0.5.5/go.mod h1:v8dTdLbMG2kIc/vJvl+f65V22dbkXbowE6jgT/gNBxE=
github.com/google/go-cmp v0.5.9 h1:O2Tfq5qg4qc4AmwVlvv0oLiVAGB7enBSJ2x2DqQFi38=
github.com/google/uuid v1.3.0 h1:t6JiXgmwXMjEs8VusXIJk2BXHsn+wx8BZdTaoZ5fu7I=
github.com/google/uuid v1.3.0/go.mod h1:TIyPZe4MgqvfeYDBFedMoGGpEw/LqOeaOT+nhxU+yHo=
github.com/google/uuid v1.3.1 h1:KjJaJ9iWZ3jOFZIf1Lqf4laDRCasjl0BCmnEGxkdLb4=
github.com/google/uuid v1.3.1/go.mod h1:TIyPZe4MgqvfeYDBFedMoGGpEw/LqOeaOT+nhxU+yHo=
github.com/jaypipes/ghw v0.12.0 h1:xU2/MDJfWmBhJnujHY9qwXQLs3DBsf0/Xa9vECY0Tho=
github.com/jaypipes/ghw v0.12.0/go.mod h1:jeJGbkRB2lL3/gxYzNYzEDETV1ZJ56OKr+CSeSEym+g=
github.com/jaypipes/pcidb v1.0.0 h1:vtZIfkiCUE42oYbJS0TAq9XSfSmcsgo9IdxSm9qzYU8=
github.com/jaypipes/pcidb v1.0.0/go.mod h1:TnYUvqhPBzCKnH34KrIX22kAeEbDCSRJ9cqLRCuNDfk=
github.com/jessevdk/go-flags v1.4.0/go.mod h1:4FA24M0QyGHXBuZZK/XkWh8h0e1EYbRYJSGM75WSRxI=
github.com/kr/pretty v0.1.0 h1:L/CwN0zerZDmRFUapSPitk6f+Q3+0za1rQkzVuMiMFI=
github.com/kr/text v0.2.0 h1:5Nx0Ya0ZqY2ygV366QzturHI13Jq95ApcVaJBhpS+AY=
github.com/mitchellh/go-homedir v1.1.0 h1:lukF9ziXFxDFPkA1vsr5zpc1XuPDn/wFntq5mG+4E0Y=
github.com/mitchellh/go-homedir v1.1.0/go.mod h1:SfyaCUpYCn1Vlf4IUYiD9fPX4A5wJrkLzIz1N1q0pr0=
github.com/opiproject/gospdk v0.0.0-20230731070525-a0690f165942 h1:+9S6U136A+EpnJnYYJT/VkbFb8BKe26uuwQJdOzxAMA=
github.com/opiproject/gospdk v0.0.0-20230731070525-a0690f165942/go.mod h1:1ZsRuKwCpQWpS7V+f6F6f1LmSWmVhj2GZMvDKYHeZhc=
github.com/opiproject/gospdk v0.0.0-20230807070523-d5a06d9dc980 h1:bYbs9tqWOlELyL//lQAgUoKyhVjkFvuRvxOeLIjpoVU=
github.com/opiproject/gospdk v0.0.0-20230807070523-d5a06d9dc980/go.mod h1:1ZsRuKwCpQWpS7V+f6F6f1LmSWmVhj2GZMvDKYHeZhc=
github.com/opiproject/gospdk v0.0.0-20230812114418-14a6e1aa7495 h1:c8VNZtHfZzIkg0plsnsMzl30KDBf63ELoFgxd2gySZw=
github.com/opiproject/gospdk v0.0.0-20230812114418-14a6e1aa7495/go.mod h1:1ZsRuKwCpQWpS7V+f6F6f1LmSWmVhj2GZMvDKYHeZhc=
github.com/opiproject/opi-api v0.0.0-20230809161856-96752bda2dcb h1:gXBjSsO0uUpg1JwRoCpZWg6WMrKa+NWBgUO8VMyZN6M=
github.com/opiproject/opi-api v0.0.0-20230809161856-96752bda2dcb/go.mod h1:92pv4ulvvPMuxCJ9ND3aYbmBfEMLx0VCjpkiR7ZTqPY=
github.com/opiproject/opi-api v0.0.0-20230811153555-425899c0550b h1:S93TcEyc6vDg3lbLXFSTihpEtcEoubFg7T6OOpVg8uI=
github.com/opiproject/opi-api v0.0.0-20230811153555-425899c0550b/go.mod h1:92pv4ulvvPMuxCJ9ND3aYbmBfEMLx0VCjpkiR7ZTqPY=
github.com/opiproject/opi-api v0.0.0-20230812010918-f241fade9773 h1:WD15a4rKs6UYaLvbgAlINcW40plx7OJgBTNIbr9WRS0=
github.com/opiproject/opi-api v0.0.0-20230812010918-f241fade9773/go.mod h1:92pv4ulvvPMuxCJ9ND3aYbmBfEMLx0VCjpkiR7ZTqPY=
github.com/opiproject/opi-api v0.0.0-20230814154012-8e3a291121b9 h1:4CmLT/PIl9BY65KgXQjXwwYl8Ka7CzY03jphYeu+6mg=
github.com/opiproject/opi-api v0.0.0-20230814154012-8e3a291121b9/go.mod h1:92pv4ulvvPMuxCJ9ND3aYbmBfEMLx0VCjpkiR7ZTqPY=
github.com/opiproject/opi-api v0.0.0-20230826011814-48b273e85a4f h1:LGBMsOd0tDVnf99xofFwmqoVCsd/RapCHHqgxS1qwRA=
github.com/opiproject/opi-api v0.0.0-20230826011814-48b273e85a4f/go.mod h1:92pv4ulvvPMuxCJ9ND3aYbmBfEMLx0VCjpkiR7ZTqPY=
github.com/opiproject/opi-smbios-bridge v0.1.3-0.20230805042604-553cfde59973 h1:6CIeO2OdZEB1PgFb/nhw/gCBgVULUaAbRbhMQ+MuF0A=
github.com/opiproject/opi-smbios-bridge v0.1.3-0.20230805042604-553cfde59973/go.mod h1:WEAVj/uS7DsNb8Kilrrsz2Qlfn4REReKnSu8bLgQKtA=
github.com/opiproject/opi-smbios-bridge v0.1.3-0.20230807070801-0ee45a8dece6 h1:NWKfsVgPrmRhkM1pSLFULHIEdqCe2kGrU+p5C/kLuv8=
github.com/opiproject/opi-smbios-bridge v0.1.3-0.20230807070801-0ee45a8dece6/go.mod h1:WEAVj/uS7DsNb8Kilrrsz2Qlfn4REReKnSu8bLgQKtA=
github.com/opiproject/opi-smbios-bridge v0.1.3-0.20230812064352-6d29d2555383 h1:jWJ6dGiI1HZZetlg++GGbA68/PAVTBmdVV9V4Lqd2PI=
github.com/opiproject/opi-smbios-bridge v0.1.3-0.20230812064352-6d29d2555383/go.mod h1:O/Srp3nSXUlSUXxytNTh8cbqeuK5LALDJC8KSx+oOYY=
github.com/opiproject/opi-smbios-bridge v0.1.3-0.20230812114728-9b5650a0addb h1:TDhR5kk8xKqIigGvcj9hBXtQA9cSIOMsM2gyBf3sgsk=
github.com/opiproject/opi-smbios-bridge v0.1.3-0.20230812114728-9b5650a0addb/go.mod h1:O/Srp3nSXUlSUXxytNTh8cbqeuK5LALDJC8KSx+oOYY=
github.com/opiproject/opi-smbios-bridge v0.1.3-0.20230819044000-c1bfb463f83b h1:k5OI2xZlOAsb3CJF48xEwOQlu3jxhQ2EVOTxm87bdN4=
github.com/opiproject/opi-smbios-bridge v0.1.3-0.20230819044000-c1bfb463f83b/go.mod h1:V5SIb+LDVdpVZzPc1lK2Wo9S5KZopCuqPfA7YdCb0bI=
github.com/opiproject/opi-smbios-bridge v0.1.3-0.20230821065508-aea63511c938 h1:ypxNmt+L3xjqScmSSiFaB1bRLnkWNzFSJNagC5MS9KI=
github.com/opiproject/opi-smbios-bridge v0.1.3-0.20230821065508-aea63511c938/go.mod h1:V5SIb+LDVdpVZzPc1lK2Wo9S5KZopCuqPfA7YdCb0bI=
github.com/opiproject/opi-smbios-bridge v0.1.3-0.20230826031720-37c30351653d h1:gNAeAwZpzN/3a7PMon/JwNh/tDCxg0i7H2W/j3d0yxQ=
github.com/opiproject/opi-smbios-bridge v0.1.3-0.20230826031720-37c30351653d/go.mod h1:BKl3kBsoHoOAZw/MwmUJSOY/ATStR3d407TyWRJCr0Q=
github.com/opiproject/opi-spdk-bridge v0.1.2-0.20230805100532-d9af8e4fcaf1 h1:ilSHtZrulxsntJUOwdcgilGGgUcF4EE5tQHxUMtbTls=
github.com/opiproject/opi-spdk-bridge v0.1.2-0.20230805100532-d9af8e4fcaf1/go.mod h1:g5ZgPc9sS0XdleWTytrxvazMaZnDwEkS1yz5JPSl/NY=
github.com/opiproject/opi-spdk-bridge v0.1.2-0.20230810121338-cbd869341693 h1:+l5mRzUrqHKfot4BY8/eoaWnHU5gXBJoOCV+iIueDKU=
github.com/opiproject/opi-spdk-bridge v0.1.2-0.20230810121338-cbd869341693/go.mod h1:bf/O4u2HCOYpuLuXhMb4k2M6aontFrvLAuhp6qrfLJs=
github.com/opiproject/opi-spdk-bridge v0.1.2-0.20230811191607-5ace0d138685 h1:Kbn1/54eMEACT/H646ndAluIFB3jvuX6rOuDmIJcEYU=
github.com/opiproject/opi-spdk-bridge v0.1.2-0.20230811191607-5ace0d138685/go.mod h1:OvhBvZe2bv6hbYq/R8giTf62kiD4VlFIkh2wRyav4ko=
github.com/opiproject/opi-spdk-bridge v0.1.2-0.20230812093937-389aad73c019 h1:O56Alq83av3+Fhczoehst0KgAILtuvIVEdZ2A0jR3RU=
github.com/opiproject/opi-spdk-bridge v0.1.2-0.20230812093937-389aad73c019/go.mod h1:4f8w831a3UduOg041lMb/FEfx+qJ0g0MgeT+qwi0eQM=
github.com/opiproject/opi-spdk-bridge v0.1.2-0.20230812165922-95022f2282e3 h1:cZ+lYQSYIAFKrZ/HcbLWUOF9I+2IrHbfT8lQr/xVuXo=
github.com/opiproject/opi-spdk-bridge v0.1.2-0.20230812165922-95022f2282e3/go.mod h1:zTFTcfyTG9PNu+/GwGYpwefGyjkE7C/dKxMaEOB6oaE=
github.com/opiproject/opi-spdk-bridge v0.1.2-0.20230819031933-22708d85f3a0 h1:06hcKneEXjLdq/Puw1Rpxjk05d44+A25XkKasbEpsMU=
github.com/opiproject/opi-spdk-bridge v0.1.2-0.20230819031933-22708d85f3a0/go.mod h1:zTFTcfyTG9PNu+/GwGYpwefGyjkE7C/dKxMaEOB6oaE=
github.com/opiproject/opi-spdk-bridge v0.1.2-0.20230819062743-325cfd95e0e8 h1:e3wRd2Otahc5x6IJ8dQYHIgeKgGoC2TRpx1EMsm3jW0=
github.com/opiproject/opi-spdk-bridge v0.1.2-0.20230819062743-325cfd95e0e8/go.mod h1:a2Pg0biAqVzFim/nYBcoAsXnJO6F75EA8G+fSbRFKcQ=
github.com/opiproject/opi-spdk-bridge v0.1.2-0.20230826100942-02082cbd7c2f h1:TT2oyclzRM7NpddO3m4w9Dwx0ecMcKs4R08mTxc7KTQ=
github.com/opiproject/opi-spdk-bridge v0.1.2-0.20230826100942-02082cbd7c2f/go.mod h1:jnl+YPbFoFfFk9uw0YSMfJ3paOKOtWwQIejkCcqCbiQ=
github.com/opiproject/opi-spdk-bridge v0.1.2-0.20230828145122-166c2bf0724a h1:zBG+PkDVkMFxZLkgdk9BCDY9ihvdlO2ZdSGm+2d4bpA=
github.com/opiproject/opi-spdk-bridge v0.1.2-0.20230828145122-166c2bf0724a/go.mod h1:jnl+YPbFoFfFk9uw0YSMfJ3paOKOtWwQIejkCcqCbiQ=
github.com/opiproject/opi-strongswan-bridge v0.1.1 h1:Mz/8AtA0DD8O/H9jCsDw7wuVoWNiqgXICLsD10XWJ+g=
github.com/opiproject/opi-strongswan-bridge v0.1.1/go.mod h1:ek3r3zLa9nOfb2a7ybdMJvb5BSGU9I17Xo38UMXfE+k=
github.com/pkg/errors v0.9.1 h1:FEBLx1zS214owpjy7qsBeixbURkuhQAwrK5UwLGTwt4=
github.com/pkg/errors v0.9.1/go.mod h1:bwawxfHBFNV+L2hUp1rHADufV3IMtnDRdf1r5NINEl0=
github.com/strongswan/govici v0.6.0 h1:QAjc7IIx1c/1P0Hz7yMX91FB5BUNKtyXzfxpuPyBKXE=
github.com/strongswan/govici v0.6.0/go.mod h1:RgO/KrMlFNsRf3dSoxwWSDSV+ASd98n1T+2G3QMEVHE=
go.einride.tech/aip v0.61.0 h1:H7r59BtQDcj8kGNa0Dytw88so1iWrzp6mSOEQgcIJWI=
go.einride.tech/aip v0.61.0/go.mod h1:YVrCQRL7SCB5Mv7i2ZF1R6vkLPh844RQBCLrrLcefaU=
go.einride.tech/aip v0.62.0 h1:DVHT0kgIhHfEqcbTUZ/tKTc+YButvOuTVT4JQFWDGo0=
go.einride.tech/aip v0.62.0/go.mod h1:YVrCQRL7SCB5Mv7i2ZF1R6vkLPh844RQBCLrrLcefaU=
golang.org/x/net v0.13.0 h1:Nvo8UFsZ8X3BhAC9699Z1j7XQ3rsZnUUm7jfBEk1ueY=
golang.org/x/net v0.13.0/go.mod h1:zEVYFnQC7m/vmpQFELhcD1EWkZlX69l4oqgmer6hfKA=
golang.org/x/net v0.14.0 h1:BONx9s002vGdD9umnlX1Po8vOZmrgH34qlHcD1MfK14=
golang.org/x/net v0.14.0/go.mod h1:PpSgVXXLK0OxS0F31C1/tv6XNguvCrnXIDrFMspZIUI=
golang.org/x/sys v0.0.0-20190916202348-b4ddaad3f8a3/go.mod h1:h1NjWce9XRLGQEsW7wpKNCjG9DtNlClVuFLEZdDNbEs=
golang.org/x/sys v0.10.0 h1:SqMFp9UcQJZa+pmYuAKjd9xq1f0j5rLcDIk0mj4qAsA=
golang.org/x/sys v0.10.0/go.mod h1:oPkhp1MJrh7nUepCBck5+mAzfO9JrbApNNgaTdGDITg=
golang.org/x/sys v0.11.0 h1:eG7RXZHdqOJ1i+0lgLgCpSXAp6M3LYlAo6osgSi0xOM=
golang.org/x/sys v0.11.0/go.mod h1:oPkhp1MJrh7nUepCBck5+mAzfO9JrbApNNgaTdGDITg=
golang.org/x/text v0.11.0 h1:LAntKIrcmeSKERyiOh0XMV39LXS8IE9UL2yP7+f5ij4=
golang.org/x/text v0.11.0/go.mod h1:TvPlkZtksWOMsz7fbANvkp4WM8x/WCo/om8BMLbz+aE=
golang.org/x/text v0.12.0 h1:k+n5B8goJNdU7hSvEtMUz3d1Q6D/XW4COJSJR6fN0mc=
golang.org/x/text v0.12.0/go.mod h1:TvPlkZtksWOMsz7fbANvkp4WM8x/WCo/om8BMLbz+aE=
golang.org/x/xerrors v0.0.0-20191204190536-9bdfabe68543/go.mod h1:I/5z698sn9Ka8TeJc9MKroUUfqBBauWjQqLJ2OPfmY0=
google.golang.org/genproto v0.0.0-20230803162519-f966b187b2e5 h1:L6iMMGrtzgHsWofoFcihmDEMYeDR9KN/ThbPWGrh++g=
google.golang.org/genproto v0.0.0-20230803162519-f966b187b2e5/go.mod h1:oH/ZOT02u4kWEp7oYBGYFFkCdKS/uYR9Z7+0/xuuFp8=
google.golang.org/genproto v0.0.0-20230807174057-1744710a1577 h1:Tyk/35yqszRCvaragTn5NnkY6IiKk/XvHzEWepo71N0=
google.golang.org/genproto v0.0.0-20230807174057-1744710a1577/go.mod h1:yZTlhN0tQnXo3h00fuXNCxJdLdIdnVFVBaRJ5LWBbw4=
google.golang.org/genproto/googleapis/api v0.0.0-20230803162519-f966b187b2e5 h1:nIgk/EEq3/YlnmVVXVnm14rC2oxgs1o0ong4sD/rd44=
google.golang.org/genproto/googleapis/api v0.0.0-20230803162519-f966b187b2e5/go.mod h1:5DZzOUPCLYL3mNkQ0ms0F3EuUNZ7py1Bqeq6sxzI7/Q=
google.golang.org/genproto/googleapis/api v0.0.0-20230807174057-1744710a1577 h1:xv8KoglAClYGkprUSmDTKaILtzfD8XzG9NYVXMprjKo=
google.golang.org/genproto/googleapis/api v0.0.0-20230807174057-1744710a1577/go.mod h1:KjSP20unUpOx5kyQUFa7k4OJg0qeJ7DEZflGDu2p6Bk=
google.golang.org/genproto/googleapis/rpc v0.0.0-20230803162519-f966b187b2e5 h1:eSaPbMR4T7WfH9FvABk36NBMacoTUKdWCvV0dx+KfOg=
google.golang.org/genproto/googleapis/rpc v0.0.0-20230803162519-f966b187b2e5/go.mod h1:zBEcrKX2ZOcEkHWxBPAIvYUWOKKMIhYcmNiUIu2ji3I=
google.golang.org/genproto/googleapis/rpc v0.0.0-20230807174057-1744710a1577 h1:wukfNtZmZUurLN/atp2hiIeTKn7QJWIQdHzqmsOnAOk=
google.golang.org/genproto/googleapis/rpc v0.0.0-20230807174057-1744710a1577/go.mod h1:+Bk1OCOj40wS2hwAMA+aCW9ypzm63QTBBHp6lQ3p+9M=
google.golang.org/grpc v1.57.0 h1:kfzNeI/klCGD2YPMUlaGNT3pxvYfga7smW3Vth8Zsiw=
google.golang.org/grpc v1.57.0/go.mod h1:Sd+9RMTACXwmub0zcNY2c4arhtrbBYD1AUHI/dt16Mo=
google.golang.org/protobuf v1.26.0-rc.1/go.mod h1:jlhhOSvTdKEhbULTjvd4ARK9grFBp09yW+WbY/TyQbw=
google.golang.org/protobuf v1.26.0/go.mod h1:9q0QmTI4eRPtz6boOQmLYwt+qCgq0jsYwAQnmE0givc=
google.golang.org/protobuf v1.31.0 h1:g0LDEJHgrBl9N9r17Ru3sqWhkIx2NB67okBHPwC7hs8=
google.golang.org/protobuf v1.31.0/go.mod h1:HV8QOd/L58Z+nl8r43ehVNZIU/HEI6OcFqwMG9pJV4I=
gopkg.in/check.v1 v0.0.0-20161208181325-20d25e280405/go.mod h1:Co6ibVJAznAaIkqp8huTwlJQCZ016jof/cbN4VW5Yz0=
gopkg.in/check.v1 v1.0.0-20180628173108-788fd7840127 h1:qIbj1fsPNlZgppZ+VLlY7N33q108Sa+fhmuc+sWQYwY=
gopkg.in/yaml.v1 v1.0.0-20140924161607-9f9df34309c0/go.mod h1:WDnlLJ4WF5VGsH/HVa3CI79GS0ol3YnhVnKP89i0kNg=
gopkg.in/yaml.v2 v2.4.0 h1:D8xgwECY7CYvx+Y2n4sBz93Jn9JRvxdiyyo8CTfuKaY=
gopkg.in/yaml.v2 v2.4.0/go.mod h1:RDklbk79AGWmwhnvt/jBztapEOGDOx6ZbXqjP6csGnQ=
gotest.tools/v3 v3.5.0 h1:Ljk6PdHdOhAb5aDMWXjDLMMhph+BpztA4v1QdqEW2eY=
howett.net/plist v1.0.0 h1:7CrbWYbPPO/PyNy38b2EB/+gYbjCe2DXBxgtOOZbSQM=
howett.net/plist v1.0.0/go.mod h1:lqaXoTrLY4hg8tnEzNru53gicrbv7rrk+2xJA/7hw9g=
